// !$*UTF8*$!
{
	archiveVersion = 1;
	classes = {
	};
	objectVersion = 50;
	objects = {

/* Begin PBXBuildFile section */
		D70415E5215B62C9003355CB /* AppDelegate.m in Sources */ = {isa = PBXBuildFile; fileRef = D70415E4215B62C9003355CB /* AppDelegate.m */; };
		D70415E8215B62C9003355CB /* ViewController.m in Sources */ = {isa = PBXBuildFile; fileRef = D70415E7215B62C9003355CB /* ViewController.m */; };
		D70415EB215B62CA003355CB /* Main.storyboard in Resources */ = {isa = PBXBuildFile; fileRef = D70415E9215B62CA003355CB /* Main.storyboard */; };
		D70415ED215B62E2003355CB /* Assets.xcassets in Resources */ = {isa = PBXBuildFile; fileRef = D70415EC215B62E2003355CB /* Assets.xcassets */; };
		D70415F0215B62E2003355CB /* LaunchScreen.storyboard in Resources */ = {isa = PBXBuildFile; fileRef = D70415EE215B62E2003355CB /* LaunchScreen.storyboard */; };
		D70415F3215B62E2003355CB /* main.m in Sources */ = {isa = PBXBuildFile; fileRef = D70415F2215B62E2003355CB /* main.m */; };
/* End PBXBuildFile section */

/* Begin PBXFileReference section */
		D70415E0215B62C9003355CB /* ParallaxScrollingWithHeaderStickingAtTop.app */ = {isa = PBXFileReference; explicitFileType = wrapper.application; includeInIndex = 0; path = ParallaxScrollingWithHeaderStickingAtTop.app; sourceTree = BUILT_PRODUCTS_DIR; };
		D70415E3215B62C9003355CB /* AppDelegate.h */ = {isa = PBXFileReference; lastKnownFileType = sourcecode.c.h; path = AppDelegate.h; sourceTree = "<group>"; };
		D70415E4215B62C9003355CB /* AppDelegate.m */ = {isa = PBXFileReference; lastKnownFileType = sourcecode.c.objc; path = AppDelegate.m; sourceTree = "<group>"; };
		D70415E6215B62C9003355CB /* ViewController.h */ = {isa = PBXFileReference; lastKnownFileType = sourcecode.c.h; path = ViewController.h; sourceTree = "<group>"; };
		D70415E7215B62C9003355CB /* ViewController.m */ = {isa = PBXFileReference; lastKnownFileType = sourcecode.c.objc; path = ViewController.m; sourceTree = "<group>"; };
		D70415EA215B62CA003355CB /* Base */ = {isa = PBXFileReference; lastKnownFileType = file.storyboard; name = Base; path = Base.lproj/Main.storyboard; sourceTree = "<group>"; };
		D70415EC215B62E2003355CB /* Assets.xcassets */ = {isa = PBXFileReference; lastKnownFileType = folder.assetcatalog; path = Assets.xcassets; sourceTree = "<group>"; };
		D70415EF215B62E2003355CB /* Base */ = {isa = PBXFileReference; lastKnownFileType = file.storyboard; name = Base; path = Base.lproj/LaunchScreen.storyboard; sourceTree = "<group>"; };
		D70415F1215B62E2003355CB /* Info.plist */ = {isa = PBXFileReference; lastKnownFileType = text.plist.xml; path = Info.plist; sourceTree = "<group>"; };
		D70415F2215B62E2003355CB /* main.m */ = {isa = PBXFileReference; lastKnownFileType = sourcecode.c.objc; path = main.m; sourceTree = "<group>"; };
/* End PBXFileReference section */

/* Begin PBXFrameworksBuildPhase section */
		D70415DD215B62C9003355CB /* Frameworks */ = {
			isa = PBXFrameworksBuildPhase;
			buildActionMask = 2147483647;
			files = (
			);
			runOnlyForDeploymentPostprocessing = 0;
		};
/* End PBXFrameworksBuildPhase section */

/* Begin PBXGroup section */
		D70415D7215B62C9003355CB = {
			isa = PBXGroup;
			children = (
				D70415E2215B62C9003355CB /* ParallaxScrollingWithHeaderStickingAtTop */,
				D70415E1215B62C9003355CB /* Products */,
			);
			sourceTree = "<group>";
		};
		D70415E1215B62C9003355CB /* Products */ = {
			isa = PBXGroup;
			children = (
				D70415E0215B62C9003355CB /* ParallaxScrollingWithHeaderStickingAtTop.app */,
			);
			name = Products;
			sourceTree = "<group>";
		};
		D70415E2215B62C9003355CB /* ParallaxScrollingWithHeaderStickingAtTop */ = {
			isa = PBXGroup;
			children = (
				D70415E3215B62C9003355CB /* AppDelegate.h */,
				D70415E4215B62C9003355CB /* AppDelegate.m */,
				D70415E6215B62C9003355CB /* ViewController.h */,
				D70415E7215B62C9003355CB /* ViewController.m */,
				D70415E9215B62CA003355CB /* Main.storyboard */,
				D70415EC215B62E2003355CB /* Assets.xcassets */,
				D70415EE215B62E2003355CB /* LaunchScreen.storyboard */,
				D70415F1215B62E2003355CB /* Info.plist */,
				D70415F2215B62E2003355CB /* main.m */,
			);
			path = ParallaxScrollingWithHeaderStickingAtTop;
			sourceTree = "<group>";
		};
/* End PBXGroup section */

/* Begin PBXNativeTarget section */
		D70415DF215B62C9003355CB /* ParallaxScrollingWithHeaderStickingAtTop */ = {
			isa = PBXNativeTarget;
			buildConfigurationList = D70415F6215B62E2003355CB /* Build configuration list for PBXNativeTarget "ParallaxScrollingWithHeaderStickingAtTop" */;
			buildPhases = (
				D70415DC215B62C9003355CB /* Sources */,
				D70415DD215B62C9003355CB /* Frameworks */,
				D70415DE215B62C9003355CB /* Resources */,
			);
			buildRules = (
			);
			dependencies = (
			);
			name = ParallaxScrollingWithHeaderStickingAtTop;
			productName = ParallaxScrollingWithHeaderStickingAtTop;
			productReference = D70415E0215B62C9003355CB /* ParallaxScrollingWithHeaderStickingAtTop.app */;
			productType = "com.apple.product-type.application";
		};
/* End PBXNativeTarget section */

/* Begin PBXProject section */
		D70415D8215B62C9003355CB /* Project object */ = {
			isa = PBXProject;
			attributes = {
				LastUpgradeCheck = 1000;
				ORGANIZATIONNAME = wz;
				TargetAttributes = {
					D70415DF215B62C9003355CB = {
						CreatedOnToolsVersion = 10.0;
					};
				};
			};
			buildConfigurationList = D70415DB215B62C9003355CB /* Build configuration list for PBXProject "ParallaxScrollingWithHeaderStickingAtTop" */;
			compatibilityVersion = "Xcode 9.3";
			developmentRegion = en;
			hasScannedForEncodings = 0;
			knownRegions = (
				en,
				Base,
			);
			mainGroup = D70415D7215B62C9003355CB;
			productRefGroup = D70415E1215B62C9003355CB /* Products */;
			projectDirPath = "";
			projectRoot = "";
			targets = (
				D70415DF215B62C9003355CB /* ParallaxScrollingWithHeaderStickingAtTop */,
			);
		};
/* End PBXProject section */

/* Begin PBXResourcesBuildPhase section */
		D70415DE215B62C9003355CB /* Resources */ = {
			isa = PBXResourcesBuildPhase;
			buildActionMask = 2147483647;
			files = (
				D70415F0215B62E2003355CB /* LaunchScreen.storyboard in Resources */,
				D70415ED215B62E2003355CB /* Assets.xcassets in Resources */,
				D70415EB215B62CA003355CB /* Main.storyboard in Resources */,
			);
			runOnlyForDeploymentPostprocessing = 0;
		};
/* End PBXResourcesBuildPhase section */

/* Begin PBXSourcesBuildPhase section */
		D70415DC215B62C9003355CB /* Sources */ = {
			isa = PBXSourcesBuildPhase;
			buildActionMask = 2147483647;
			files = (
				D70415E8215B62C9003355CB /* ViewController.m in Sources */,
				D70415F3215B62E2003355CB /* main.m in Sources */,
				D70415E5215B62C9003355CB /* AppDelegate.m in Sources */,
			);
			runOnlyForDeploymentPostprocessing = 0;
		};
/* End PBXSourcesBuildPhase section */

/* Begin PBXVariantGroup section */
		D70415E9215B62CA003355CB /* Main.storyboard */ = {
			isa = PBXVariantGroup;
			children = (
				D70415EA215B62CA003355CB /* Base */,
			);
			name = Main.storyboard;
			sourceTree = "<group>";
		};
		D70415EE215B62E2003355CB /* LaunchScreen.storyboard */ = {
			isa = PBXVariantGroup;
			children = (
				D70415EF215B62E2003355CB /* Base */,
			);
			name = LaunchScreen.storyboard;
			sourceTree = "<group>";
		};
/* End PBXVariantGroup section */

/* Begin XCBuildConfiguration section */
		D70415F4215B62E2003355CB /* Debug */ = {
			isa = XCBuildConfiguration;
			buildSettings = {
				ALWAYS_SEARCH_USER_PATHS = NO;
				CLANG_ANALYZER_NONNULL = YES;
				CLANG_ANALYZER_NUMBER_OBJECT_CONVERSION = YES_AGGRESSIVE;
				CLANG_CXX_LANGUAGE_STANDARD = "gnu++14";
				CLANG_CXX_LIBRARY = "libc++";
				CLANG_ENABLE_MODULES = YES;
				CLANG_ENABLE_OBJC_ARC = YES;
				CLANG_ENABLE_OBJC_WEAK = YES;
				CLANG_WARN_BLOCK_CAPTURE_AUTORELEASING = YES;
				CLANG_WARN_BOOL_CONVERSION = YES;
				CLANG_WARN_COMMA = YES;
				CLANG_WARN_CONSTANT_CONVERSION = YES;
				CLANG_WARN_DEPRECATED_OBJC_IMPLEMENTATIONS = YES;
				CLANG_WARN_DIRECT_OBJC_ISA_USAGE = YES_ERROR;
				CLANG_WARN_DOCUMENTATION_COMMENTS = YES;
				CLANG_WARN_EMPTY_BODY = YES;
				CLANG_WARN_ENUM_CONVERSION = YES;
				CLANG_WARN_INFINITE_RECURSION = YES;
				CLANG_WARN_INT_CONVERSION = YES;
				CLANG_WARN_NON_LITERAL_NULL_CONVERSION = YES;
				CLANG_WARN_OBJC_IMPLICIT_RETAIN_SELF = YES;
				CLANG_WARN_OBJC_LITERAL_CONVERSION = YES;
				CLANG_WARN_OBJC_ROOT_CLASS = YES_ERROR;
				CLANG_WARN_RANGE_LOOP_ANALYSIS = YES;
				CLANG_WARN_STRICT_PROTOTYPES = YES;
				CLANG_WARN_SUSPICIOUS_MOVE = YES;
				CLANG_WARN_UNGUARDED_AVAILABILITY = YES_AGGRESSIVE;
				CLANG_WARN_UNREACHABLE_CODE = YES;
				CLANG_WARN__DUPLICATE_METHOD_MATCH = YES;
				CODE_SIGN_IDENTITY = "iPhone Developer";
				COPY_PHASE_STRIP = NO;
				DEBUG_INFORMATION_FORMAT = dwarf;
				ENABLE_STRICT_OBJC_MSGSEND = YES;
				ENABLE_TESTABILITY = YES;
				GCC_C_LANGUAGE_STANDARD = gnu11;
				GCC_DYNAMIC_NO_PIC = NO;
				GCC_NO_COMMON_BLOCKS = YES;
				GCC_OPTIMIZATION_LEVEL = 0;
				GCC_PREPROCESSOR_DEFINITIONS = (
					"DEBUG=1",
					"$(inherited)",
				);
				GCC_WARN_64_TO_32_BIT_CONVERSION = YES;
				GCC_WARN_ABOUT_RETURN_TYPE = YES_ERROR;
				GCC_WARN_UNDECLARED_SELECTOR = YES;
				GCC_WARN_UNINITIALIZED_AUTOS = YES_AGGRESSIVE;
				GCC_WARN_UNUSED_FUNCTION = YES;
				GCC_WARN_UNUSED_VARIABLE = YES;
				IPHONEOS_DEPLOYMENT_TARGET = 12.0;
				MTL_ENABLE_DEBUG_INFO = INCLUDE_SOURCE;
				MTL_FAST_MATH = YES;
				ONLY_ACTIVE_ARCH = YES;
				SDKROOT = iphoneos;
			};
			name = Debug;
		};
		D70415F5215B62E2003355CB /* Release */ = {
			isa = XCBuildConfiguration;
			buildSettings = {
				ALWAYS_SEARCH_USER_PATHS = NO;
				CLANG_ANALYZER_NONNULL = YES;
				CLANG_ANALYZER_NUMBER_OBJECT_CONVERSION = YES_AGGRESSIVE;
				CLANG_CXX_LANGUAGE_STANDARD = "gnu++14";
				CLANG_CXX_LIBRARY = "libc++";
				CLANG_ENABLE_MODULES = YES;
				CLANG_ENABLE_OBJC_ARC = YES;
				CLANG_ENABLE_OBJC_WEAK = YES;
				CLANG_WARN_BLOCK_CAPTURE_AUTORELEASING = YES;
				CLANG_WARN_BOOL_CONVERSION = YES;
				CLANG_WARN_COMMA = YES;
				CLANG_WARN_CONSTANT_CONVERSION = YES;
				CLANG_WARN_DEPRECATED_OBJC_IMPLEMENTATIONS = YES;
				CLANG_WARN_DIRECT_OBJC_ISA_USAGE = YES_ERROR;
				CLANG_WARN_DOCUMENTATION_COMMENTS = YES;
				CLANG_WARN_EMPTY_BODY = YES;
				CLANG_WARN_ENUM_CONVERSION = YES;
				CLANG_WARN_INFINITE_RECURSION = YES;
				CLANG_WARN_INT_CONVERSION = YES;
				CLANG_WARN_NON_LITERAL_NULL_CONVERSION = YES;
				CLANG_WARN_OBJC_IMPLICIT_RETAIN_SELF = YES;
				CLANG_WARN_OBJC_LITERAL_CONVERSION = YES;
				CLANG_WARN_OBJC_ROOT_CLASS = YES_ERROR;
				CLANG_WARN_RANGE_LOOP_ANALYSIS = YES;
				CLANG_WARN_STRICT_PROTOTYPES = YES;
				CLANG_WARN_SUSPICIOUS_MOVE = YES;
				CLANG_WARN_UNGUARDED_AVAILABILITY = YES_AGGRESSIVE;
				CLANG_WARN_UNREACHABLE_CODE = YES;
				CLANG_WARN__DUPLICATE_METHOD_MATCH = YES;
				CODE_SIGN_IDENTITY = "iPhone Developer";
				COPY_PHASE_STRIP = NO;
				DEBUG_INFORMATION_FORMAT = "dwarf-with-dsym";
				ENABLE_NS_ASSERTIONS = NO;
				ENABLE_STRICT_OBJC_MSGSEND = YES;
				GCC_C_LANGUAGE_STANDARD = gnu11;
				GCC_NO_COMMON_BLOCKS = YES;
				GCC_WARN_64_TO_32_BIT_CONVERSION = YES;
				GCC_WARN_ABOUT_RETURN_TYPE = YES_ERROR;
				GCC_WARN_UNDECLARED_SELECTOR = YES;
				GCC_WARN_UNINITIALIZED_AUTOS = YES_AGGRESSIVE;
				GCC_WARN_UNUSED_FUNCTION = YES;
				GCC_WARN_UNUSED_VARIABLE = YES;
				IPHONEOS_DEPLOYMENT_TARGET = 12.0;
				MTL_ENABLE_DEBUG_INFO = NO;
				MTL_FAST_MATH = YES;
				SDKROOT = iphoneos;
				VALIDATE_PRODUCT = YES;
			};
			name = Release;
		};
		D70415F7215B62E2003355CB /* Debug */ = {
			isa = XCBuildConfiguration;
			buildSettings = {
				ASSETCATALOG_COMPILER_APPICON_NAME = AppIcon;
				CODE_SIGN_STYLE = Automatic;
				DEVELOPMENT_TEAM = W595DU2C8B;
				INFOPLIST_FILE = ParallaxScrollingWithHeaderStickingAtTop/Info.plist;
				LD_RUNPATH_SEARCH_PATHS = (
					"$(inherited)",
					"@executable_path/Frameworks",
				);
				PRODUCT_BUNDLE_IDENTIFIER = com.wz.ParallaxScrollingWithHeaderStickingAtTop;
				PRODUCT_NAME = "$(TARGET_NAME)";
				TARGETED_DEVICE_FAMILY = "1,2";
			};
			name = Debug;
		};
		D70415F8215B62E2003355CB /* Release */ = {
			isa = XCBuildConfiguration;
			buildSettings = {
				ASSETCATALOG_COMPILER_APPICON_NAME = AppIcon;
				CODE_SIGN_STYLE = Automatic;
				DEVELOPMENT_TEAM = W595DU2C8B;
				INFOPLIST_FILE = ParallaxScrollingWithHeaderStickingAtTop/Info.plist;
				LD_RUNPATH_SEARCH_PATHS = (
					"$(inherited)",
					"@executable_path/Frameworks",
				);
				PRODUCT_BUNDLE_IDENTIFIER = com.wz.ParallaxScrollingWithHeaderStickingAtTop;
				PRODUCT_NAME = "$(TARGET_NAME)";
				TARGETED_DEVICE_FAMILY = "1,2";
			};
			name = Release;
		};
/* End XCBuildConfiguration section */

/* Begin XCConfigurationList section */
		D70415DB215B62C9003355CB /* Build configuration list for PBXProject "ParallaxScrollingWithHeaderStickingAtTop" */ = {
			isa = XCConfigurationList;
			buildConfigurations = (
				D70415F4215B62E2003355CB /* Debug */,
				D70415F5215B62E2003355CB /* Release */,
			);
			defaultConfigurationIsVisible = 0;
			defaultConfigurationName = Release;
		};
		D70415F6215B62E2003355CB /* Build configuration list for PBXNativeTarget "ParallaxScrollingWithHeaderStickingAtTop" */ = {
			isa = XCConfigurationList;
			buildConfigurations = (
				D70415F7215B62E2003355CB /* Debug */,
				D70415F8215B62E2003355CB /* Release */,
			);
			defaultConfigurationIsVisible = 0;
			defaultConfigurationName = Release;
		};
/* End XCConfigurationList section */
	};
	rootObject = D70415D8215B62C9003355CB /* Project object */;
}
