// !$*UTF8*$!
{
	archiveVersion = 1;
	classes = {
	};
	objectVersion = 50;
	objects = {

/* Begin PBXBuildFile section */
		D7352031213521D20067CC31 /* CircularCollectionViewLayout.swift in Sources */ = {isa = PBXBuildFile; fileRef = D7352030213521D20067CC31 /* CircularCollectionViewLayout.swift */; };
		D7352033213523790067CC31 /* CircularCollectionViewLayoutAttributes.swift in Sources */ = {isa = PBXBuildFile; fileRef = D7352032213523790067CC31 /* CircularCollectionViewLayoutAttributes.swift */; };
		D799C8D2213505AE00ECD4D4 /* AppDelegate.swift in Sources */ = {isa = PBXBuildFile; fileRef = D799C8D1213505AE00ECD4D4 /* AppDelegate.swift */; };
		D799C8D4213505AE00ECD4D4 /* CollectionViewController.swift in Sources */ = {isa = PBXBuildFile; fileRef = D799C8D3213505AE00ECD4D4 /* CollectionViewController.swift */; };
		D799C8D7213505AE00ECD4D4 /* Main.storyboard in Resources */ = {isa = PBXBuildFile; fileRef = D799C8D5213505AE00ECD4D4 /* Main.storyboard */; };
		D799C8D9213505B000ECD4D4 /* Assets.xcassets in Resources */ = {isa = PBXBuildFile; fileRef = D799C8D8213505B000ECD4D4 /* Assets.xcassets */; };
		D799C8DC213505B000ECD4D4 /* LaunchScreen.storyboard in Resources */ = {isa = PBXBuildFile; fileRef = D799C8DA213505B000ECD4D4 /* LaunchScreen.storyboard */; };
		D799C8E52135065B00ECD4D4 /* CircularCollectionViewCell.swift in Sources */ = {isa = PBXBuildFile; fileRef = D799C8E32135065B00ECD4D4 /* CircularCollectionViewCell.swift */; };
		D799C8E62135065B00ECD4D4 /* CircularCollectionViewCell.xib in Resources */ = {isa = PBXBuildFile; fileRef = D799C8E42135065B00ECD4D4 /* CircularCollectionViewCell.xib */; };
		D799C8E821351EC900ECD4D4 /* Images in Resources */ = {isa = PBXBuildFile; fileRef = D799C8E721351EC900ECD4D4 /* Images */; };
		D799C8EA21351ED600ECD4D4 /* bg-dark.jpg in Resources */ = {isa = PBXBuildFile; fileRef = D799C8E921351ED600ECD4D4 /* bg-dark.jpg */; };
/* End PBXBuildFile section */

/* Begin PBXFileReference section */
		D7352030213521D20067CC31 /* CircularCollectionViewLayout.swift */ = {isa = PBXFileReference; lastKnownFileType = sourcecode.swift; path = CircularCollectionViewLayout.swift; sourceTree = "<group>"; };
		D7352032213523790067CC31 /* CircularCollectionViewLayoutAttributes.swift */ = {isa = PBXFileReference; lastKnownFileType = sourcecode.swift; path = CircularCollectionViewLayoutAttributes.swift; sourceTree = "<group>"; };
		D799C8CE213505AE00ECD4D4 /* CircleLayout.app */ = {isa = PBXFileReference; explicitFileType = wrapper.application; includeInIndex = 0; path = CircleLayout.app; sourceTree = BUILT_PRODUCTS_DIR; };
		D799C8D1213505AE00ECD4D4 /* AppDelegate.swift */ = {isa = PBXFileReference; lastKnownFileType = sourcecode.swift; path = AppDelegate.swift; sourceTree = "<group>"; };
		D799C8D3213505AE00ECD4D4 /* CollectionViewController.swift */ = {isa = PBXFileReference; lastKnownFileType = sourcecode.swift; path = CollectionViewController.swift; sourceTree = "<group>"; };
		D799C8D6213505AE00ECD4D4 /* Base */ = {isa = PBXFileReference; lastKnownFileType = file.storyboard; name = Base; path = Base.lproj/Main.storyboard; sourceTree = "<group>"; };
		D799C8D8213505B000ECD4D4 /* Assets.xcassets */ = {isa = PBXFileReference; lastKnownFileType = folder.assetcatalog; path = Assets.xcassets; sourceTree = "<group>"; };
		D799C8DB213505B000ECD4D4 /* Base */ = {isa = PBXFileReference; lastKnownFileType = file.storyboard; name = Base; path = Base.lproj/LaunchScreen.storyboard; sourceTree = "<group>"; };
		D799C8DD213505B000ECD4D4 /* Info.plist */ = {isa = PBXFileReference; lastKnownFileType = text.plist.xml; path = Info.plist; sourceTree = "<group>"; };
		D799C8E32135065B00ECD4D4 /* CircularCollectionViewCell.swift */ = {isa = PBXFileReference; lastKnownFileType = sourcecode.swift; path = CircularCollectionViewCell.swift; sourceTree = "<group>"; };
		D799C8E42135065B00ECD4D4 /* CircularCollectionViewCell.xib */ = {isa = PBXFileReference; lastKnownFileType = file.xib; path = CircularCollectionViewCell.xib; sourceTree = "<group>"; };
		D799C8E721351EC900ECD4D4 /* Images */ = {isa = PBXFileReference; lastKnownFileType = folder; path = Images; sourceTree = "<group>"; };
		D799C8E921351ED600ECD4D4 /* bg-dark.jpg */ = {isa = PBXFileReference; lastKnownFileType = image.jpeg; path = "bg-dark.jpg"; sourceTree = "<group>"; };
/* End PBXFileReference section */

/* Begin PBXFrameworksBuildPhase section */
		D799C8CB213505AE00ECD4D4 /* Frameworks */ = {
			isa = PBXFrameworksBuildPhase;
			buildActionMask = 2147483647;
			files = (
			);
			runOnlyForDeploymentPostprocessing = 0;
		};
/* End PBXFrameworksBuildPhase section */

/* Begin PBXGroup section */
		D799C8C5213505AE00ECD4D4 = {
			isa = PBXGroup;
			children = (
				D799C8D0213505AE00ECD4D4 /* CircleLayout */,
				D799C8CF213505AE00ECD4D4 /* Products */,
			);
			sourceTree = "<group>";
		};
		D799C8CF213505AE00ECD4D4 /* Products */ = {
			isa = PBXGroup;
			children = (
				D799C8CE213505AE00ECD4D4 /* CircleLayout.app */,
			);
			name = Products;
			sourceTree = "<group>";
		};
		D799C8D0213505AE00ECD4D4 /* CircleLayout */ = {
			isa = PBXGroup;
			children = (
				D799C8D1213505AE00ECD4D4 /* AppDelegate.swift */,
				D799C8D3213505AE00ECD4D4 /* CollectionViewController.swift */,
				D799C8E32135065B00ECD4D4 /* CircularCollectionViewCell.swift */,
				D7352030213521D20067CC31 /* CircularCollectionViewLayout.swift */,
				D7352032213523790067CC31 /* CircularCollectionViewLayoutAttributes.swift */,
				D799C8E42135065B00ECD4D4 /* CircularCollectionViewCell.xib */,
				D799C8D5213505AE00ECD4D4 /* Main.storyboard */,
				D799C8D8213505B000ECD4D4 /* Assets.xcassets */,
				D799C8E921351ED600ECD4D4 /* bg-dark.jpg */,
				D799C8E721351EC900ECD4D4 /* Images */,
				D799C8DA213505B000ECD4D4 /* LaunchScreen.storyboard */,
				D799C8DD213505B000ECD4D4 /* Info.plist */,
			);
			path = CircleLayout;
			sourceTree = "<group>";
		};
/* End PBXGroup section */

/* Begin PBXNativeTarget section */
		D799C8CD213505AE00ECD4D4 /* CircleLayout */ = {
			isa = PBXNativeTarget;
			buildConfigurationList = D799C8E0213505B000ECD4D4 /* Build configuration list for PBXNativeTarget "CircleLayout" */;
			buildPhases = (
				D799C8CA213505AE00ECD4D4 /* Sources */,
				D799C8CB213505AE00ECD4D4 /* Frameworks */,
				D799C8CC213505AE00ECD4D4 /* Resources */,
			);
			buildRules = (
			);
			dependencies = (
			);
			name = CircleLayout;
			productName = CircleLayout;
			productReference = D799C8CE213505AE00ECD4D4 /* CircleLayout.app */;
			productType = "com.apple.product-type.application";
		};
/* End PBXNativeTarget section */

/* Begin PBXProject section */
		D799C8C6213505AE00ECD4D4 /* Project object */ = {
			isa = PBXProject;
			attributes = {
				LastSwiftUpdateCheck = 0940;
				LastUpgradeCheck = 0940;
				ORGANIZATIONNAME = wz;
				TargetAttributes = {
					D799C8CD213505AE00ECD4D4 = {
						CreatedOnToolsVersion = 9.4.1;
					};
				};
			};
			buildConfigurationList = D799C8C9213505AE00ECD4D4 /* Build configuration list for PBXProject "CircleLayout" */;
			compatibilityVersion = "Xcode 9.3";
			developmentRegion = en;
			hasScannedForEncodings = 0;
			knownRegions = (
				en,
				Base,
			);
			mainGroup = D799C8C5213505AE00ECD4D4;
			productRefGroup = D799C8CF213505AE00ECD4D4 /* Products */;
			projectDirPath = "";
			projectRoot = "";
			targets = (
				D799C8CD213505AE00ECD4D4 /* CircleLayout */,
			);
		};
/* End PBXProject section */

/* Begin PBXResourcesBuildPhase section */
		D799C8CC213505AE00ECD4D4 /* Resources */ = {
			isa = PBXResourcesBuildPhase;
			buildActionMask = 2147483647;
			files = (
				D799C8E821351EC900ECD4D4 /* Images in Resources */,
				D799C8DC213505B000ECD4D4 /* LaunchScreen.storyboard in Resources */,
				D799C8D9213505B000ECD4D4 /* Assets.xcassets in Resources */,
				D799C8D7213505AE00ECD4D4 /* Main.storyboard in Resources */,
				D799C8EA21351ED600ECD4D4 /* bg-dark.jpg in Resources */,
				D799C8E62135065B00ECD4D4 /* CircularCollectionViewCell.xib in Resources */,
			);
			runOnlyForDeploymentPostprocessing = 0;
		};
/* End PBXResourcesBuildPhase section */

/* Begin PBXSourcesBuildPhase section */
		D799C8CA213505AE00ECD4D4 /* Sources */ = {
			isa = PBXSourcesBuildPhase;
			buildActionMask = 2147483647;
			files = (
				D799C8D4213505AE00ECD4D4 /* CollectionViewController.swift in Sources */,
				D799C8D2213505AE00ECD4D4 /* AppDelegate.swift in Sources */,
				D799C8E52135065B00ECD4D4 /* CircularCollectionViewCell.swift in Sources */,
				D7352033213523790067CC31 /* CircularCollectionViewLayoutAttributes.swift in Sources */,
				D7352031213521D20067CC31 /* CircularCollectionViewLayout.swift in Sources */,
			);
			runOnlyForDeploymentPostprocessing = 0;
		};
/* End PBXSourcesBuildPhase section */

/* Begin PBXVariantGroup section */
		D799C8D5213505AE00ECD4D4 /* Main.storyboard */ = {
			isa = PBXVariantGroup;
			children = (
				D799C8D6213505AE00ECD4D4 /* Base */,
			);
			name = Main.storyboard;
			sourceTree = "<group>";
		};
		D799C8DA213505B000ECD4D4 /* LaunchScreen.storyboard */ = {
			isa = PBXVariantGroup;
			children = (
				D799C8DB213505B000ECD4D4 /* Base */,
			);
			name = LaunchScreen.storyboard;
			sourceTree = "<group>";
		};
/* End PBXVariantGroup section */

/* Begin XCBuildConfiguration section */
		D799C8DE213505B000ECD4D4 /* Debug */ = {
			isa = XCBuildConfiguration;
			buildSettings = {
				ALWAYS_SEARCH_USER_PATHS = NO;
				CLANG_ANALYZER_NONNULL = YES;
				CLANG_ANALYZER_NUMBER_OBJECT_CONVERSION = YES_AGGRESSIVE;
				CLANG_CXX_LANGUAGE_STANDARD = "gnu++14";
				CLANG_CXX_LIBRARY = "libc++";
				CLANG_ENABLE_MODULES = YES;
				CLANG_ENABLE_OBJC_ARC = YES;
				CLANG_ENABLE_OBJC_WEAK = YES;
				CLANG_WARN_BLOCK_CAPTURE_AUTORELEASING = YES;
				CLANG_WARN_BOOL_CONVERSION = YES;
				CLANG_WARN_COMMA = YES;
				CLANG_WARN_CONSTANT_CONVERSION = YES;
				CLANG_WARN_DEPRECATED_OBJC_IMPLEMENTATIONS = YES;
				CLANG_WARN_DIRECT_OBJC_ISA_USAGE = YES_ERROR;
				CLANG_WARN_DOCUMENTATION_COMMENTS = YES;
				CLANG_WARN_EMPTY_BODY = YES;
				CLANG_WARN_ENUM_CONVERSION = YES;
				CLANG_WARN_INFINITE_RECURSION = YES;
				CLANG_WARN_INT_CONVERSION = YES;
				CLANG_WARN_NON_LITERAL_NULL_CONVERSION = YES;
				CLANG_WARN_OBJC_IMPLICIT_RETAIN_SELF = YES;
				CLANG_WARN_OBJC_LITERAL_CONVERSION = YES;
				CLANG_WARN_OBJC_ROOT_CLASS = YES_ERROR;
				CLANG_WARN_RANGE_LOOP_ANALYSIS = YES;
				CLANG_WARN_STRICT_PROTOTYPES = YES;
				CLANG_WARN_SUSPICIOUS_MOVE = YES;
				CLANG_WARN_UNGUARDED_AVAILABILITY = YES_AGGRESSIVE;
				CLANG_WARN_UNREACHABLE_CODE = YES;
				CLANG_WARN__DUPLICATE_METHOD_MATCH = YES;
				CODE_SIGN_IDENTITY = "iPhone Developer";
				COPY_PHASE_STRIP = NO;
				DEBUG_INFORMATION_FORMAT = dwarf;
				ENABLE_STRICT_OBJC_MSGSEND = YES;
				ENABLE_TESTABILITY = YES;
				GCC_C_LANGUAGE_STANDARD = gnu11;
				GCC_DYNAMIC_NO_PIC = NO;
				GCC_NO_COMMON_BLOCKS = YES;
				GCC_OPTIMIZATION_LEVEL = 0;
				GCC_PREPROCESSOR_DEFINITIONS = (
					"DEBUG=1",
					"$(inherited)",
				);
				GCC_WARN_64_TO_32_BIT_CONVERSION = YES;
				GCC_WARN_ABOUT_RETURN_TYPE = YES_ERROR;
				GCC_WARN_UNDECLARED_SELECTOR = YES;
				GCC_WARN_UNINITIALIZED_AUTOS = YES_AGGRESSIVE;
				GCC_WARN_UNUSED_FUNCTION = YES;
				GCC_WARN_UNUSED_VARIABLE = YES;
				IPHONEOS_DEPLOYMENT_TARGET = 11.4;
				MTL_ENABLE_DEBUG_INFO = YES;
				ONLY_ACTIVE_ARCH = YES;
				SDKROOT = iphoneos;
				SWIFT_ACTIVE_COMPILATION_CONDITIONS = DEBUG;
				SWIFT_OPTIMIZATION_LEVEL = "-Onone";
			};
			name = Debug;
		};
		D799C8DF213505B000ECD4D4 /* Release */ = {
			isa = XCBuildConfiguration;
			buildSettings = {
				ALWAYS_SEARCH_USER_PATHS = NO;
				CLANG_ANALYZER_NONNULL = YES;
				CLANG_ANALYZER_NUMBER_OBJECT_CONVERSION = YES_AGGRESSIVE;
				CLANG_CXX_LANGUAGE_STANDARD = "gnu++14";
				CLANG_CXX_LIBRARY = "libc++";
				CLANG_ENABLE_MODULES = YES;
				CLANG_ENABLE_OBJC_ARC = YES;
				CLANG_ENABLE_OBJC_WEAK = YES;
				CLANG_WARN_BLOCK_CAPTURE_AUTORELEASING = YES;
				CLANG_WARN_BOOL_CONVERSION = YES;
				CLANG_WARN_COMMA = YES;
				CLANG_WARN_CONSTANT_CONVERSION = YES;
				CLANG_WARN_DEPRECATED_OBJC_IMPLEMENTATIONS = YES;
				CLANG_WARN_DIRECT_OBJC_ISA_USAGE = YES_ERROR;
				CLANG_WARN_DOCUMENTATION_COMMENTS = YES;
				CLANG_WARN_EMPTY_BODY = YES;
				CLANG_WARN_ENUM_CONVERSION = YES;
				CLANG_WARN_INFINITE_RECURSION = YES;
				CLANG_WARN_INT_CONVERSION = YES;
				CLANG_WARN_NON_LITERAL_NULL_CONVERSION = YES;
				CLANG_WARN_OBJC_IMPLICIT_RETAIN_SELF = YES;
				CLANG_WARN_OBJC_LITERAL_CONVERSION = YES;
				CLANG_WARN_OBJC_ROOT_CLASS = YES_ERROR;
				CLANG_WARN_RANGE_LOOP_ANALYSIS = YES;
				CLANG_WARN_STRICT_PROTOTYPES = YES;
				CLANG_WARN_SUSPICIOUS_MOVE = YES;
				CLANG_WARN_UNGUARDED_AVAILABILITY = YES_AGGRESSIVE;
				CLANG_WARN_UNREACHABLE_CODE = YES;
				CLANG_WARN__DUPLICATE_METHOD_MATCH = YES;
				CODE_SIGN_IDENTITY = "iPhone Developer";
				COPY_PHASE_STRIP = NO;
				DEBUG_INFORMATION_FORMAT = "dwarf-with-dsym";
				ENABLE_NS_ASSERTIONS = NO;
				ENABLE_STRICT_OBJC_MSGSEND = YES;
				GCC_C_LANGUAGE_STANDARD = gnu11;
				GCC_NO_COMMON_BLOCKS = YES;
				GCC_WARN_64_TO_32_BIT_CONVERSION = YES;
				GCC_WARN_ABOUT_RETURN_TYPE = YES_ERROR;
				GCC_WARN_UNDECLARED_SELECTOR = YES;
				GCC_WARN_UNINITIALIZED_AUTOS = YES_AGGRESSIVE;
				GCC_WARN_UNUSED_FUNCTION = YES;
				GCC_WARN_UNUSED_VARIABLE = YES;
				IPHONEOS_DEPLOYMENT_TARGET = 11.4;
				MTL_ENABLE_DEBUG_INFO = NO;
				SDKROOT = iphoneos;
				SWIFT_COMPILATION_MODE = wholemodule;
				SWIFT_OPTIMIZATION_LEVEL = "-O";
				VALIDATE_PRODUCT = YES;
			};
			name = Release;
		};
		D799C8E1213505B000ECD4D4 /* Debug */ = {
			isa = XCBuildConfiguration;
			buildSettings = {
				ASSETCATALOG_COMPILER_APPICON_NAME = AppIcon;
				CODE_SIGN_STYLE = Automatic;
				INFOPLIST_FILE = CircleLayout/Info.plist;
				LD_RUNPATH_SEARCH_PATHS = (
					"$(inherited)",
					"@executable_path/Frameworks",
				);
				PRODUCT_BUNDLE_IDENTIFIER = com.wz.CircleLayout;
				PRODUCT_NAME = "$(TARGET_NAME)";
				SWIFT_VERSION = 4.0;
				TARGETED_DEVICE_FAMILY = "1,2";
			};
			name = Debug;
		};
		D799C8E2213505B000ECD4D4 /* Release */ = {
			isa = XCBuildConfiguration;
			buildSettings = {
				ASSETCATALOG_COMPILER_APPICON_NAME = AppIcon;
				CODE_SIGN_STYLE = Automatic;
				INFOPLIST_FILE = CircleLayout/Info.plist;
				LD_RUNPATH_SEARCH_PATHS = (
					"$(inherited)",
					"@executable_path/Frameworks",
				);
				PRODUCT_BUNDLE_IDENTIFIER = com.wz.CircleLayout;
				PRODUCT_NAME = "$(TARGET_NAME)";
				SWIFT_VERSION = 4.0;
				TARGETED_DEVICE_FAMILY = "1,2";
			};
			name = Release;
		};
/* End XCBuildConfiguration section */

/* Begin XCConfigurationList section */
		D799C8C9213505AE00ECD4D4 /* Build configuration list for PBXProject "CircleLayout" */ = {
			isa = XCConfigurationList;
			buildConfigurations = (
				D799C8DE213505B000ECD4D4 /* Debug */,
				D799C8DF213505B000ECD4D4 /* Release */,
			);
			defaultConfigurationIsVisible = 0;
			defaultConfigurationName = Release;
		};
		D799C8E0213505B000ECD4D4 /* Build configuration list for PBXNativeTarget "CircleLayout" */ = {
			isa = XCConfigurationList;
			buildConfigurations = (
				D799C8E1213505B000ECD4D4 /* Debug */,
				D799C8E2213505B000ECD4D4 /* Release */,
			);
			defaultConfigurationIsVisible = 0;
			defaultConfigurationName = Release;
		};
/* End XCConfigurationList section */
	};
	rootObject = D799C8C6213505AE00ECD4D4 /* Project object */;
}
